
Microsoft Visual Studio Solution File, Format Version 12.00
# Visual Studio Version 16
VisualStudioVersion = 16.0.30309.148
MinimumVisualStudioVersion = 10.0.40219.1
Project("{FAE04EC0-301F-11D3-BF4B-00C04F79EFBC}") = "MatureFashionsApp", "MatureFashionsApp\MatureFashionsApp.csproj", "{F1196288-6280-4309-B93C-720062611879}"
EndProject
Global
	GlobalSection(SolutionConfigurationPlatforms) = preSolution
		Debug|Any CPU = Debug|Any CPU
		Release|Any CPU = Release|Any CPU
	EndGlobalSection
	GlobalSection(ProjectConfigurationPlatforms) = postSolution
		{F1196288-6280-4309-B93C-720062611879}.Debug|Any CPU.ActiveCfg = Debug|Any CPU
		{F1196288-6280-4309-B93C-720062611879}.Debug|Any CPU.Build.0 = Debug|Any CPU
		{F1196288-6280-4309-B93C-720062611879}.Release|Any CPU.ActiveCfg = Release|Any CPU
		{F1196288-6280-4309-B93C-720062611879}.Release|Any CPU.Build.0 = Release|Any CPU
	EndGlobalSection
	GlobalSection(SolutionProperties) = preSolution
		HideSolutionNode = FALSE
	EndGlobalSection
	GlobalSection(ExtensibilityGlobals) = postSolution
		SolutionGuid = {CC94CE31-EDCB-44E8-ADEB-A2DED4DF5FFA}
	EndGlobalSection
EndGlobal
